// !$*UTF8*$!
{
	archiveVersion = 1;
	classes = {
	};
	objectVersion = 46;
	objects = {

/* Begin PBXBuildFile section */
		5291D19A1CD89F7100EB69AE /* AppDelegate.swift in Sources */ = {isa = PBXBuildFile; fileRef = 5291D1991CD89F7100EB69AE /* AppDelegate.swift */; };
		5291D19C1CD89F7100EB69AE /* ViewController.swift in Sources */ = {isa = PBXBuildFile; fileRef = 5291D19B1CD89F7100EB69AE /* ViewController.swift */; };
		5291D19F1CD89F7100EB69AE /* Main.storyboard in Resources */ = {isa = PBXBuildFile; fileRef = 5291D19D1CD89F7100EB69AE /* Main.storyboard */; };
		5291D1A11CD89F7100EB69AE /* Assets.xcassets in Resources */ = {isa = PBXBuildFile; fileRef = 5291D1A01CD89F7100EB69AE /* Assets.xcassets */; };
		5291D1A41CD89F7100EB69AE /* LaunchScreen.storyboard in Resources */ = {isa = PBXBuildFile; fileRef = 5291D1A21CD89F7100EB69AE /* LaunchScreen.storyboard */; };
/* End PBXBuildFile section */

/* Begin PBXFileReference section */
		5291D1961CD89F7100EB69AE /* ggProducts.app */ = {isa = PBXFileReference; explicitFileType = wrapper.application; includeInIndex = 0; path = ggProducts.app; sourceTree = BUILT_PRODUCTS_DIR; };
		5291D1991CD89F7100EB69AE /* AppDelegate.swift */ = {isa = PBXFileReference; lastKnownFileType = sourcecode.swift; path = AppDelegate.swift; sourceTree = "<group>"; };
		5291D19B1CD89F7100EB69AE /* ViewController.swift */ = {isa = PBXFileReference; lastKnownFileType = sourcecode.swift; path = ViewController.swift; sourceTree = "<group>"; };
		5291D19E1CD89F7100EB69AE /* Base */ = {isa = PBXFileReference; lastKnownFileType = file.storyboard; name = Base; path = Base.lproj/Main.storyboard; sourceTree = "<group>"; };
		5291D1A01CD89F7100EB69AE /* Assets.xcassets */ = {isa = PBXFileReference; lastKnownFileType = folder.assetcatalog; path = Assets.xcassets; sourceTree = "<group>"; };
		5291D1A31CD89F7100EB69AE /* Base */ = {isa = PBXFileReference; lastKnownFileType = file.storyboard; name = Base; path = Base.lproj/LaunchScreen.storyboard; sourceTree = "<group>"; };
		5291D1A51CD89F7100EB69AE /* Info.plist */ = {isa = PBXFileReference; lastKnownFileType = text.plist.xml; path = Info.plist; sourceTree = "<group>"; };
/* End PBXFileReference section */

/* Begin PBXFrameworksBuildPhase section */
		5291D1931CD89F7100EB69AE /* Frameworks */ = {
			isa = PBXFrameworksBuildPhase;
			buildActionMask = 2147483647;
			files = (
			);
			runOnlyForDeploymentPostprocessing = 0;
		};
/* End PBXFrameworksBuildPhase section */

/* Begin PBXGroup section */
		5291D18D1CD89F7000EB69AE = {
			isa = PBXGroup;
			children = (
				5291D1981CD89F7100EB69AE /* ggProducts */,
				5291D1971CD89F7100EB69AE /* Products */,
			);
			sourceTree = "<group>";
		};
		5291D1971CD89F7100EB69AE /* Products */ = {
			isa = PBXGroup;
			children = (
				5291D1961CD89F7100EB69AE /* ggProducts.app */,
			);
			name = Products;
			sourceTree = "<group>";
		};
		5291D1981CD89F7100EB69AE /* ggProducts */ = {
			isa = PBXGroup;
			children = (
				5291D1991CD89F7100EB69AE /* AppDelegate.swift */,
				5291D19B1CD89F7100EB69AE /* ViewController.swift */,
				5291D19D1CD89F7100EB69AE /* Main.storyboard */,
				5291D1A01CD89F7100EB69AE /* Assets.xcassets */,
				5291D1A21CD89F7100EB69AE /* LaunchScreen.storyboard */,
				5291D1A51CD89F7100EB69AE /* Info.plist */,
			);
			path = ggProducts;
			sourceTree = "<group>";
		};
/* End PBXGroup section */

/* Begin PBXNativeTarget section */
		5291D1951CD89F7100EB69AE /* ggProducts */ = {
			isa = PBXNativeTarget;
			buildConfigurationList = 5291D1A81CD89F7100EB69AE /* Build configuration list for PBXNativeTarget "ggProducts" */;
			buildPhases = (
				5291D1921CD89F7100EB69AE /* Sources */,
				5291D1931CD89F7100EB69AE /* Frameworks */,
				5291D1941CD89F7100EB69AE /* Resources */,
			);
			buildRules = (
			);
			dependencies = (
			);
			name = ggProducts;
			productName = ggProducts;
			productReference = 5291D1961CD89F7100EB69AE /* ggProducts.app */;
			productType = "com.apple.product-type.application";
		};
/* End PBXNativeTarget section */

/* Begin PBXProject section */
		5291D18E1CD89F7000EB69AE /* Project object */ = {
			isa = PBXProject;
			attributes = {
				LastSwiftUpdateCheck = 0730;
				LastUpgradeCheck = 0730;
				ORGANIZATIONNAME = "Koen Gleis";
				TargetAttributes = {
					5291D1951CD89F7100EB69AE = {
						CreatedOnToolsVersion = 7.3;
					};
				};
			};
			buildConfigurationList = 5291D1911CD89F7000EB69AE /* Build configuration list for PBXProject "ggProducts" */;
			compatibilityVersion = "Xcode 3.2";
			developmentRegion = English;
			hasScannedForEncodings = 0;
			knownRegions = (
				en,
				Base,
			);
			mainGroup = 5291D18D1CD89F7000EB69AE;
			productRefGroup = 5291D1971CD89F7100EB69AE /* Products */;
			projectDirPath = "";
			projectRoot = "";
			targets = (
				5291D1951CD89F7100EB69AE /* ggProducts */,
			);
		};
/* End PBXProject section */

/* Begin PBXResourcesBuildPhase section */
		5291D1941CD89F7100EB69AE /* Resources */ = {
			isa = PBXResourcesBuildPhase;
			buildActionMask = 2147483647;
			files = (
				5291D1A41CD89F7100EB69AE /* LaunchScreen.storyboard in Resources */,
				5291D1A11CD89F7100EB69AE /* Assets.xcassets in Resources */,
				5291D19F1CD89F7100EB69AE /* Main.storyboard in Resources */,
			);
			runOnlyForDeploymentPostprocessing = 0;
		};
/* End PBXResourcesBuildPhase section */

/* Begin PBXSourcesBuildPhase section */
		5291D1921CD89F7100EB69AE /* Sources */ = {
			isa = PBXSourcesBuildPhase;
			buildActionMask = 2147483647;
			files = (
				5291D19C1CD89F7100EB69AE /* ViewController.swift in Sources */,
				5291D19A1CD89F7100EB69AE /* AppDelegate.swift in Sources */,
			);
			runOnlyForDeploymentPostprocessing = 0;
		};
/* End PBXSourcesBuildPhase section */

/* Begin PBXVariantGroup section */
		5291D19D1CD89F7100EB69AE /* Main.storyboard */ = {
			isa = PBXVariantGroup;
			children = (
				5291D19E1CD89F7100EB69AE /* Base */,
			);
			name = Main.storyboard;
			sourceTree = "<group>";
		};
		5291D1A21CD89F7100EB69AE /* LaunchScreen.storyboard */ = {
			isa = PBXVariantGroup;
			children = (
				5291D1A31CD89F7100EB69AE /* Base */,
			);
			name = LaunchScreen.storyboard;
			sourceTree = "<group>";
		};
/* End PBXVariantGroup section */

/* Begin XCBuildConfiguration section */
		5291D1A61CD89F7100EB69AE /* Debug */ = {
			isa = XCBuildConfiguration;
			buildSettings = {
				ALWAYS_SEARCH_USER_PATHS = NO;
				CLANG_ANALYZER_NONNULL = YES;
				CLANG_CXX_LANGUAGE_STANDARD = "gnu++0x";
				CLANG_CXX_LIBRARY = "libc++";
				CLANG_ENABLE_MODULES = YES;
				CLANG_ENABLE_OBJC_ARC = YES;
				CLANG_WARN_BOOL_CONVERSION = YES;
				CLANG_WARN_CONSTANT_CONVERSION = YES;
				CLANG_WARN_DIRECT_OBJC_ISA_USAGE = YES_ERROR;
				CLANG_WARN_EMPTY_BODY = YES;
				CLANG_WARN_ENUM_CONVERSION = YES;
				CLANG_WARN_INT_CONVERSION = YES;
				CLANG_WARN_OBJC_ROOT_CLASS = YES_ERROR;
				CLANG_WARN_UNREACHABLE_CODE = YES;
				CLANG_WARN__DUPLICATE_METHOD_MATCH = YES;
				"CODE_SIGN_IDENTITY[sdk=iphoneos*]" = "iPhone Developer";
				COPY_PHASE_STRIP = NO;
				DEBUG_INFORMATION_FORMAT = dwarf;
				ENABLE_STRICT_OBJC_MSGSEND = YES;
				ENABLE_TESTABILITY = YES;
				GCC_C_LANGUAGE_STANDARD = gnu99;
				GCC_DYNAMIC_NO_PIC = NO;
				GCC_NO_COMMON_BLOCKS = YES;
				GCC_OPTIMIZATION_LEVEL = 0;
				GCC_PREPROCESSOR_DEFINITIONS = (
					"DEBUG=1",
					"$(inherited)",
				);
				GCC_WARN_64_TO_32_BIT_CONVERSION = YES;
				GCC_WARN_ABOUT_RETURN_TYPE = YES_ERROR;
				GCC_WARN_UNDECLARED_SELECTOR = YES;
				GCC_WARN_UNINITIALIZED_AUTOS = YES_AGGRESSIVE;
				GCC_WARN_UNUSED_FUNCTION = YES;
				GCC_WARN_UNUSED_VARIABLE = YES;
				IPHONEOS_DEPLOYMENT_TARGET = 9.3;
				MTL_ENABLE_DEBUG_INFO = YES;
				ONLY_ACTIVE_ARCH = YES;
				SDKROOT = iphoneos;
				SWIFT_OPTIMIZATION_LEVEL = "-Onone";
				TARGETED_DEVICE_FAMILY = "1,2";
			};
			name = Debug;
		};
		5291D1A71CD89F7100EB69AE /* Release */ = {
			isa = XCBuildConfiguration;
			buildSettings = {
				ALWAYS_SEARCH_USER_PATHS = NO;
				CLANG_ANALYZER_NONNULL = YES;
				CLANG_CXX_LANGUAGE_STANDARD = "gnu++0x";
				CLANG_CXX_LIBRARY = "libc++";
				CLANG_ENABLE_MODULES = YES;
				CLANG_ENABLE_OBJC_ARC = YES;
				CLANG_WARN_BOOL_CONVERSION = YES;
				CLANG_WARN_CONSTANT_CONVERSION = YES;
				CLANG_WARN_DIRECT_OBJC_ISA_USAGE = YES_ERROR;
				CLANG_WARN_EMPTY_BODY = YES;
				CLANG_WARN_ENUM_CONVERSION = YES;
				CLANG_WARN_INT_CONVERSION = YES;
				CLANG_WARN_OBJC_ROOT_CLASS = YES_ERROR;
				CLANG_WARN_UNREACHABLE_CODE = YES;
				CLANG_WARN__DUPLICATE_METHOD_MATCH = YES;
				"CODE_SIGN_IDENTITY[sdk=iphoneos*]" = "iPhone Developer";
				COPY_PHASE_STRIP = NO;
				DEBUG_INFORMATION_FORMAT = "dwarf-with-dsym";
				ENABLE_NS_ASSERTIONS = NO;
				ENABLE_STRICT_OBJC_MSGSEND = YES;
				GCC_C_LANGUAGE_STANDARD = gnu99;
				GCC_NO_COMMON_BLOCKS = YES;
				GCC_WARN_64_TO_32_BIT_CONVERSION = YES;
				GCC_WARN_ABOUT_RETURN_TYPE = YES_ERROR;
				GCC_WARN_UNDECLARED_SELECTOR = YES;
				GCC_WARN_UNINITIALIZED_AUTOS = YES_AGGRESSIVE;
				GCC_WARN_UNUSED_FUNCTION = YES;
				GCC_WARN_UNUSED_VARIABLE = YES;
				IPHONEOS_DEPLOYMENT_TARGET = 9.3;
				MTL_ENABLE_DEBUG_INFO = NO;
				SDKROOT = iphoneos;
				TARGETED_DEVICE_FAMILY = "1,2";
				VALIDATE_PRODUCT = YES;
			};
			name = Release;
		};
		5291D1A91CD89F7100EB69AE /* Debug */ = {
			isa = XCBuildConfiguration;
			buildSettings = {
				ASSETCATALOG_COMPILER_APPICON_NAME = AppIcon;
				INFOPLIST_FILE = ggProducts/Info.plist;
				LD_RUNPATH_SEARCH_PATHS = "$(inherited) @executable_path/Frameworks";
				PRODUCT_BUNDLE_IDENTIFIER = nl.Gleis.ggProducts;
				PRODUCT_NAME = "$(TARGET_NAME)";
			};
			name = Debug;
		};
		5291D1AA1CD89F7100EB69AE /* Release */ = {
			isa = XCBuildConfiguration;
			buildSettings = {
				ASSETCATALOG_COMPILER_APPICON_NAME = AppIcon;
				INFOPLIST_FILE = ggProducts/Info.plist;
				LD_RUNPATH_SEARCH_PATHS = "$(inherited) @executable_path/Frameworks";
				PRODUCT_BUNDLE_IDENTIFIER = nl.Gleis.ggProducts;
				PRODUCT_NAME = "$(TARGET_NAME)";
			};
			name = Release;
		};
/* End XCBuildConfiguration section */

/* Begin XCConfigurationList section */
		5291D1911CD89F7000EB69AE /* Build configuration list for PBXProject "ggProducts" */ = {
			isa = XCConfigurationList;
			buildConfigurations = (
				5291D1A61CD89F7100EB69AE /* Debug */,
				5291D1A71CD89F7100EB69AE /* Release */,
			);
			defaultConfigurationIsVisible = 0;
			defaultConfigurationName = Release;
		};
		5291D1A81CD89F7100EB69AE /* Build configuration list for PBXNativeTarget "ggProducts" */ = {
			isa = XCConfigurationList;
			buildConfigurations = (
				5291D1A91CD89F7100EB69AE /* Debug */,
				5291D1AA1CD89F7100EB69AE /* Release */,
			);
			defaultConfigurationIsVisible = 0;
		};
/* End XCConfigurationList section */
	};
	rootObject = 5291D18E1CD89F7000EB69AE /* Project object */;
}
